
Microsoft Visual Studio Solution File, Format Version 12.00
# Visual Studio Version 17
VisualStudioVersion = 17.9.34728.123
MinimumVisualStudioVersion = 10.0.40219.1
Project("{FAE04EC0-301F-11D3-BF4B-00C04F79EFBC}") = "DateBook", "DateBook.csproj", "{BA54DF70-A767-42E3-BA3C-5756E2D70265}"
EndProject
Global
	GlobalSection(SolutionConfigurationPlatforms) = preSolution
		Debug|Any CPU = Debug|Any CPU
		Release|Any CPU = Release|Any CPU
	EndGlobalSection
	GlobalSection(ProjectConfigurationPlatforms) = postSolution
		{BA54DF70-A767-42E3-BA3C-5756E2D70265}.Debug|Any CPU.ActiveCfg = Debug|Any CPU
		{BA54DF70-A767-42E3-BA3C-5756E2D70265}.Debug|Any CPU.Build.0 = Debug|Any CPU
		{BA54DF70-A767-42E3-BA3C-5756E2D70265}.Release|Any CPU.ActiveCfg = Release|Any CPU
		{BA54DF70-A767-42E3-BA3C-5756E2D70265}.Release|Any CPU.Build.0 = Release|Any CPU
	EndGlobalSection
	GlobalSection(SolutionProperties) = preSolution
		HideSolutionNode = FALSE
	EndGlobalSection
	GlobalSection(ExtensibilityGlobals) = postSolution
		SolutionGuid = {BE3EFC39-5012-47BF-A66A-2625D6FEBA55}
	EndGlobalSection
EndGlobal
